
Microsoft Visual Studio Solution File, Format Version 12.00
# Visual Studio Version 16
VisualStudioVersion = 16.0.30621.155
MinimumVisualStudioVersion = 10.0.40219.1
Project("{FAE04EC0-301F-11D3-BF4B-00C04F79EFBC}") = "Day 7 Handy Haversacks", "Day 7 Handy Haversacks.csproj", "{FD3234AD-EA0B-4640-8869-0BB88ABC9AE2}"
EndProject
Global
	GlobalSection(SolutionConfigurationPlatforms) = preSolution
		Debug|Any CPU = Debug|Any CPU
		Release|Any CPU = Release|Any CPU
	EndGlobalSection
	GlobalSection(ProjectConfigurationPlatforms) = postSolution
		{FD3234AD-EA0B-4640-8869-0BB88ABC9AE2}.Debug|Any CPU.ActiveCfg = Debug|Any CPU
		{FD3234AD-EA0B-4640-8869-0BB88ABC9AE2}.Debug|Any CPU.Build.0 = Debug|Any CPU
		{FD3234AD-EA0B-4640-8869-0BB88ABC9AE2}.Release|Any CPU.ActiveCfg = Release|Any CPU
		{FD3234AD-EA0B-4640-8869-0BB88ABC9AE2}.Release|Any CPU.Build.0 = Release|Any CPU
	EndGlobalSection
	GlobalSection(SolutionProperties) = preSolution
		HideSolutionNode = FALSE
	EndGlobalSection
	GlobalSection(ExtensibilityGlobals) = postSolution
		SolutionGuid = {EC483E59-C526-49EB-97DF-D853FDF7F3D1}
	EndGlobalSection
EndGlobal
